
Microsoft Visual Studio Solution File, Format Version 12.00
# Visual Studio Version 16
VisualStudioVersion = 16.0.30413.136
MinimumVisualStudioVersion = 10.0.40219.1
Project("{FAE04EC0-301F-11D3-BF4B-00C04F79EFBC}") = "rop", "rop\rop.csproj", "{D9989CE4-A957-4A60-97B2-F8D1B052F607}"
EndProject
Global
	GlobalSection(SolutionConfigurationPlatforms) = preSolution
		Debug|Any CPU = Debug|Any CPU
		Release|Any CPU = Release|Any CPU
	EndGlobalSection
	GlobalSection(ProjectConfigurationPlatforms) = postSolution
		{D9989CE4-A957-4A60-97B2-F8D1B052F607}.Debug|Any CPU.ActiveCfg = Debug|Any CPU
		{D9989CE4-A957-4A60-97B2-F8D1B052F607}.Debug|Any CPU.Build.0 = Debug|Any CPU
		{D9989CE4-A957-4A60-97B2-F8D1B052F607}.Release|Any CPU.ActiveCfg = Release|Any CPU
		{D9989CE4-A957-4A60-97B2-F8D1B052F607}.Release|Any CPU.Build.0 = Release|Any CPU
	EndGlobalSection
	GlobalSection(SolutionProperties) = preSolution
		HideSolutionNode = FALSE
	EndGlobalSection
	GlobalSection(ExtensibilityGlobals) = postSolution
		SolutionGuid = {CB1F09FC-D8DF-4F8F-BA83-619D8DA08238}
	EndGlobalSection
EndGlobal
